// !$*UTF8*$!
{
	archiveVersion = 1;
	classes = {
	};
	objectVersion = 50;
	objects = {

/* Begin PBXBuildFile section */
		12FC52C2ACF68D103FA10208 /* Pods_aLodjinha.framework in Frameworks */ = {isa = PBXBuildFile; fileRef = C1CD59500C19F1B85AB81BB7 /* Pods_aLodjinha.framework */; };
		515470BE2305D71200CB8EAD /* ServiceCategoria.swift in Sources */ = {isa = PBXBuildFile; fileRef = 515470BD2305D71200CB8EAD /* ServiceCategoria.swift */; };
		515470C0230615E700CB8EAD /* ProdutoCell.swift in Sources */ = {isa = PBXBuildFile; fileRef = 515470BF230615E700CB8EAD /* ProdutoCell.swift */; };
		515470C5230616BC00CB8EAD /* ProdutoTableViewController.swift in Sources */ = {isa = PBXBuildFile; fileRef = 515470C4230616BC00CB8EAD /* ProdutoTableViewController.swift */; };
		516BD2F52305C1F000BADB3D /* CategoriaCollectionViewCell.swift in Sources */ = {isa = PBXBuildFile; fileRef = 516BD2F32305C1F000BADB3D /* CategoriaCollectionViewCell.swift */; };
		516BD2F62305C1F000BADB3D /* CategoriaCollectionViewCell.xib in Resources */ = {isa = PBXBuildFile; fileRef = 516BD2F42305C1F000BADB3D /* CategoriaCollectionViewCell.xib */; };
		51894BBD22FEFD0E00674697 /* DataBannerViewController.swift in Sources */ = {isa = PBXBuildFile; fileRef = 51894BBC22FEFD0E00674697 /* DataBannerViewController.swift */; };
		51894BBF22FEFEAC00674697 /* CustomPageViewController.swift in Sources */ = {isa = PBXBuildFile; fileRef = 51894BBE22FEFEAC00674697 /* CustomPageViewController.swift */; };
		51D25A8D22FADE7C00D48002 /* AppDelegate.swift in Sources */ = {isa = PBXBuildFile; fileRef = 51D25A8C22FADE7C00D48002 /* AppDelegate.swift */; };
		51D25A9222FADE7C00D48002 /* Main.storyboard in Resources */ = {isa = PBXBuildFile; fileRef = 51D25A9022FADE7C00D48002 /* Main.storyboard */; };
		51D25A9422FADE7E00D48002 /* Assets.xcassets in Resources */ = {isa = PBXBuildFile; fileRef = 51D25A9322FADE7E00D48002 /* Assets.xcassets */; };
		51D25A9722FADE7E00D48002 /* LaunchScreen.storyboard in Resources */ = {isa = PBXBuildFile; fileRef = 51D25A9522FADE7E00D48002 /* LaunchScreen.storyboard */; };
		51D25AA122FAF8FC00D48002 /* HomeViewController.swift in Sources */ = {isa = PBXBuildFile; fileRef = 51D25AA022FAF8FC00D48002 /* HomeViewController.swift */; };
		51D33E9523017228003D9632 /* Banner.swift in Sources */ = {isa = PBXBuildFile; fileRef = 51D33E9423017228003D9632 /* Banner.swift */; };
		51D33E98230172D0003D9632 /* Categoria.swift in Sources */ = {isa = PBXBuildFile; fileRef = 51D33E97230172D0003D9632 /* Categoria.swift */; };
		51D33E9B23017396003D9632 /* Produto.swift in Sources */ = {isa = PBXBuildFile; fileRef = 51D33E9A23017396003D9632 /* Produto.swift */; };
		51D33E9D230176B2003D9632 /* ServiceBanner.swift in Sources */ = {isa = PBXBuildFile; fileRef = 51D33E9C230176B2003D9632 /* ServiceBanner.swift */; };
		51DA1E372303772F009A65B3 /* MaisVendidosCelulaTableViewCell.swift in Sources */ = {isa = PBXBuildFile; fileRef = 51DA1E362303772F009A65B3 /* MaisVendidosCelulaTableViewCell.swift */; };
		51DA1E3923038900009A65B3 /* ServiceProduto.swift in Sources */ = {isa = PBXBuildFile; fileRef = 51DA1E3823038900009A65B3 /* ServiceProduto.swift */; };
		51DA1E3B23043AA0009A65B3 /* ProdutoViewController.swift in Sources */ = {isa = PBXBuildFile; fileRef = 51DA1E3A23043AA0009A65B3 /* ProdutoViewController.swift */; };
		51DB706E22FE4915008DBADE /* Pacifico-Regular.ttf in Resources */ = {isa = PBXBuildFile; fileRef = 51DB706D22FE4911008DBADE /* Pacifico-Regular.ttf */; };
/* End PBXBuildFile section */

/* Begin PBXFileReference section */
		20258801A4CE000201855685 /* Pods-aLodjinha.debug.xcconfig */ = {isa = PBXFileReference; includeInIndex = 1; lastKnownFileType = text.xcconfig; name = "Pods-aLodjinha.debug.xcconfig"; path = "Target Support Files/Pods-aLodjinha/Pods-aLodjinha.debug.xcconfig"; sourceTree = "<group>"; };
		515470BD2305D71200CB8EAD /* ServiceCategoria.swift */ = {isa = PBXFileReference; lastKnownFileType = sourcecode.swift; path = ServiceCategoria.swift; sourceTree = "<group>"; };
		515470BF230615E700CB8EAD /* ProdutoCell.swift */ = {isa = PBXFileReference; lastKnownFileType = sourcecode.swift; path = ProdutoCell.swift; sourceTree = "<group>"; };
		515470C4230616BC00CB8EAD /* ProdutoTableViewController.swift */ = {isa = PBXFileReference; lastKnownFileType = sourcecode.swift; path = ProdutoTableViewController.swift; sourceTree = "<group>"; };
		516BD2F32305C1F000BADB3D /* CategoriaCollectionViewCell.swift */ = {isa = PBXFileReference; lastKnownFileType = sourcecode.swift; path = CategoriaCollectionViewCell.swift; sourceTree = "<group>"; };
		516BD2F42305C1F000BADB3D /* CategoriaCollectionViewCell.xib */ = {isa = PBXFileReference; lastKnownFileType = file.xib; path = CategoriaCollectionViewCell.xib; sourceTree = "<group>"; };
		51894BBC22FEFD0E00674697 /* DataBannerViewController.swift */ = {isa = PBXFileReference; lastKnownFileType = sourcecode.swift; path = DataBannerViewController.swift; sourceTree = "<group>"; };
		51894BBE22FEFEAC00674697 /* CustomPageViewController.swift */ = {isa = PBXFileReference; lastKnownFileType = sourcecode.swift; path = CustomPageViewController.swift; sourceTree = "<group>"; };
		51D25A8922FADE7C00D48002 /* aLodjinha.app */ = {isa = PBXFileReference; explicitFileType = wrapper.application; includeInIndex = 0; path = aLodjinha.app; sourceTree = BUILT_PRODUCTS_DIR; };
		51D25A8C22FADE7C00D48002 /* AppDelegate.swift */ = {isa = PBXFileReference; lastKnownFileType = sourcecode.swift; path = AppDelegate.swift; sourceTree = "<group>"; };
		51D25A9122FADE7C00D48002 /* Base */ = {isa = PBXFileReference; lastKnownFileType = file.storyboard; name = Base; path = Base.lproj/Main.storyboard; sourceTree = "<group>"; };
		51D25A9322FADE7E00D48002 /* Assets.xcassets */ = {isa = PBXFileReference; lastKnownFileType = folder.assetcatalog; path = Assets.xcassets; sourceTree = "<group>"; };
		51D25A9622FADE7E00D48002 /* Base */ = {isa = PBXFileReference; lastKnownFileType = file.storyboard; name = Base; path = Base.lproj/LaunchScreen.storyboard; sourceTree = "<group>"; };
		51D25A9822FADE7E00D48002 /* Info.plist */ = {isa = PBXFileReference; lastKnownFileType = text.plist.xml; path = Info.plist; sourceTree = "<group>"; };
		51D25AA022FAF8FC00D48002 /* HomeViewController.swift */ = {isa = PBXFileReference; lastKnownFileType = sourcecode.swift; path = HomeViewController.swift; sourceTree = "<group>"; };
		51D33E9423017228003D9632 /* Banner.swift */ = {isa = PBXFileReference; lastKnownFileType = sourcecode.swift; path = Banner.swift; sourceTree = "<group>"; };
		51D33E97230172D0003D9632 /* Categoria.swift */ = {isa = PBXFileReference; lastKnownFileType = sourcecode.swift; path = Categoria.swift; sourceTree = "<group>"; };
		51D33E9A23017396003D9632 /* Produto.swift */ = {isa = PBXFileReference; lastKnownFileType = sourcecode.swift; path = Produto.swift; sourceTree = "<group>"; };
		51D33E9C230176B2003D9632 /* ServiceBanner.swift */ = {isa = PBXFileReference; lastKnownFileType = sourcecode.swift; path = ServiceBanner.swift; sourceTree = "<group>"; };
		51DA1E362303772F009A65B3 /* MaisVendidosCelulaTableViewCell.swift */ = {isa = PBXFileReference; lastKnownFileType = sourcecode.swift; path = MaisVendidosCelulaTableViewCell.swift; sourceTree = "<group>"; };
		51DA1E3823038900009A65B3 /* ServiceProduto.swift */ = {isa = PBXFileReference; lastKnownFileType = sourcecode.swift; path = ServiceProduto.swift; sourceTree = "<group>"; };
		51DA1E3A23043AA0009A65B3 /* ProdutoViewController.swift */ = {isa = PBXFileReference; lastKnownFileType = sourcecode.swift; path = ProdutoViewController.swift; sourceTree = "<group>"; };
		51DB706D22FE4911008DBADE /* Pacifico-Regular.ttf */ = {isa = PBXFileReference; lastKnownFileType = file; path = "Pacifico-Regular.ttf"; sourceTree = "<group>"; };
		A9E40D75C307341347B0BB80 /* Pods-aLodjinha.release.xcconfig */ = {isa = PBXFileReference; includeInIndex = 1; lastKnownFileType = text.xcconfig; name = "Pods-aLodjinha.release.xcconfig"; path = "Target Support Files/Pods-aLodjinha/Pods-aLodjinha.release.xcconfig"; sourceTree = "<group>"; };
		C1CD59500C19F1B85AB81BB7 /* Pods_aLodjinha.framework */ = {isa = PBXFileReference; explicitFileType = wrapper.framework; includeInIndex = 0; path = Pods_aLodjinha.framework; sourceTree = BUILT_PRODUCTS_DIR; };
/* End PBXFileReference section */

/* Begin PBXFrameworksBuildPhase section */
		51D25A8622FADE7C00D48002 /* Frameworks */ = {
			isa = PBXFrameworksBuildPhase;
			buildActionMask = 2147483647;
			files = (
				12FC52C2ACF68D103FA10208 /* Pods_aLodjinha.framework in Frameworks */,
			);
			runOnlyForDeploymentPostprocessing = 0;
		};
/* End PBXFrameworksBuildPhase section */

/* Begin PBXGroup section */
		324214CD8619955E98805988 /* Pods */ = {
			isa = PBXGroup;
			children = (
				20258801A4CE000201855685 /* Pods-aLodjinha.debug.xcconfig */,
				A9E40D75C307341347B0BB80 /* Pods-aLodjinha.release.xcconfig */,
			);
			path = Pods;
			sourceTree = "<group>";
		};
		516714532300DB10007BD604 /* Controller */ = {
			isa = PBXGroup;
			children = (
				516BD2F32305C1F000BADB3D /* CategoriaCollectionViewCell.swift */,
				51894BBE22FEFEAC00674697 /* CustomPageViewController.swift */,
				51894BBC22FEFD0E00674697 /* DataBannerViewController.swift */,
				51D25AA022FAF8FC00D48002 /* HomeViewController.swift */,
				51DA1E362303772F009A65B3 /* MaisVendidosCelulaTableViewCell.swift */,
				515470BF230615E700CB8EAD /* ProdutoCell.swift */,
				515470C4230616BC00CB8EAD /* ProdutoTableViewController.swift */,
				51DA1E3A23043AA0009A65B3 /* ProdutoViewController.swift */,
				516BD2F42305C1F000BADB3D /* CategoriaCollectionViewCell.xib */,
			);
			path = Controller;
			sourceTree = "<group>";
		};
		51D25A8022FADE7C00D48002 = {
			isa = PBXGroup;
			children = (
				51D25A8B22FADE7C00D48002 /* aLodjinha */,
				51D25A9822FADE7E00D48002 /* Info.plist */,
				51D25A8A22FADE7C00D48002 /* Products */,
				324214CD8619955E98805988 /* Pods */,
				9D224187CD5C05E7131213D2 /* Frameworks */,
			);
			sourceTree = "<group>";
		};
		51D25A8A22FADE7C00D48002 /* Products */ = {
			isa = PBXGroup;
			children = (
				51D25A8922FADE7C00D48002 /* aLodjinha.app */,
			);
			name = Products;
			sourceTree = "<group>";
		};
		51D25A8B22FADE7C00D48002 /* aLodjinha */ = {
			isa = PBXGroup;
			children = (
				51D33E8F23017107003D9632 /* Model */,
				516714532300DB10007BD604 /* Controller */,
				51D33E9023017119003D9632 /* Service */,
				51D33E92230171B2003D9632 /* View */,
				51D33E912301713C003D9632 /* Util */,
			);
			path = aLodjinha;
			sourceTree = "<group>";
		};
		51D33E8F23017107003D9632 /* Model */ = {
			isa = PBXGroup;
			children = (
				51D33E9423017228003D9632 /* Banner.swift */,
				51D33E97230172D0003D9632 /* Categoria.swift */,
				51D33E9A23017396003D9632 /* Produto.swift */,
			);
			path = Model;
			sourceTree = "<group>";
		};
		51D33E9023017119003D9632 /* Service */ = {
			isa = PBXGroup;
			children = (
				51D33E9C230176B2003D9632 /* ServiceBanner.swift */,
				51DA1E3823038900009A65B3 /* ServiceProduto.swift */,
				515470BD2305D71200CB8EAD /* ServiceCategoria.swift */,
			);
			path = Service;
			sourceTree = "<group>";
		};
		51D33E912301713C003D9632 /* Util */ = {
			isa = PBXGroup;
			children = (
				51D25A9322FADE7E00D48002 /* Assets.xcassets */,
				51D25A8C22FADE7C00D48002 /* AppDelegate.swift */,
				51DB706C22FE48F8008DBADE /* Font */,
			);
			path = Util;
			sourceTree = "<group>";
		};
		51D33E92230171B2003D9632 /* View */ = {
			isa = PBXGroup;
			children = (
				51D25A9022FADE7C00D48002 /* Main.storyboard */,
				51D25A9522FADE7E00D48002 /* LaunchScreen.storyboard */,
			);
			path = View;
			sourceTree = "<group>";
		};
		51DB706C22FE48F8008DBADE /* Font */ = {
			isa = PBXGroup;
			children = (
				51DB706D22FE4911008DBADE /* Pacifico-Regular.ttf */,
			);
			path = Font;
			sourceTree = "<group>";
		};
		9D224187CD5C05E7131213D2 /* Frameworks */ = {
			isa = PBXGroup;
			children = (
				C1CD59500C19F1B85AB81BB7 /* Pods_aLodjinha.framework */,
			);
			name = Frameworks;
			sourceTree = "<group>";
		};
/* End PBXGroup section */

/* Begin PBXNativeTarget section */
		51D25A8822FADE7C00D48002 /* aLodjinha */ = {
			isa = PBXNativeTarget;
			buildConfigurationList = 51D25A9B22FADE7E00D48002 /* Build configuration list for PBXNativeTarget "aLodjinha" */;
			buildPhases = (
				485D09EC90499634F6748941 /* [CP] Check Pods Manifest.lock */,
				51D25A8522FADE7C00D48002 /* Sources */,
				51D25A8622FADE7C00D48002 /* Frameworks */,
				51D25A8722FADE7C00D48002 /* Resources */,
				B1A41F545DD9321CC1954EB3 /* [CP] Embed Pods Frameworks */,
			);
			buildRules = (
			);
			dependencies = (
			);
			name = aLodjinha;
			productName = aLodjinha;
			productReference = 51D25A8922FADE7C00D48002 /* aLodjinha.app */;
			productType = "com.apple.product-type.application";
		};
/* End PBXNativeTarget section */

/* Begin PBXProject section */
		51D25A8122FADE7C00D48002 /* Project object */ = {
			isa = PBXProject;
			attributes = {
				LastSwiftUpdateCheck = 1030;
				LastUpgradeCheck = 1030;
				ORGANIZATIONNAME = "Ricardo Caldeira";
				TargetAttributes = {
					51D25A8822FADE7C00D48002 = {
						CreatedOnToolsVersion = 10.3;
					};
				};
			};
			buildConfigurationList = 51D25A8422FADE7C00D48002 /* Build configuration list for PBXProject "aLodjinha" */;
			compatibilityVersion = "Xcode 9.3";
			developmentRegion = en;
			hasScannedForEncodings = 0;
			knownRegions = (
				en,
				Base,
			);
			mainGroup = 51D25A8022FADE7C00D48002;
			productRefGroup = 51D25A8A22FADE7C00D48002 /* Products */;
			projectDirPath = "";
			projectRoot = "";
			targets = (
				51D25A8822FADE7C00D48002 /* aLodjinha */,
			);
		};
/* End PBXProject section */

/* Begin PBXResourcesBuildPhase section */
		51D25A8722FADE7C00D48002 /* Resources */ = {
			isa = PBXResourcesBuildPhase;
			buildActionMask = 2147483647;
			files = (
				51D25A9722FADE7E00D48002 /* LaunchScreen.storyboard in Resources */,
				51DB706E22FE4915008DBADE /* Pacifico-Regular.ttf in Resources */,
				516BD2F62305C1F000BADB3D /* CategoriaCollectionViewCell.xib in Resources */,
				51D25A9422FADE7E00D48002 /* Assets.xcassets in Resources */,
				51D25A9222FADE7C00D48002 /* Main.storyboard in Resources */,
			);
			runOnlyForDeploymentPostprocessing = 0;
		};
/* End PBXResourcesBuildPhase section */

/* Begin PBXShellScriptBuildPhase section */
		485D09EC90499634F6748941 /* [CP] Check Pods Manifest.lock */ = {
			isa = PBXShellScriptBuildPhase;
			buildActionMask = 2147483647;
			files = (
			);
			inputFileListPaths = (
			);
			inputPaths = (
				"${PODS_PODFILE_DIR_PATH}/Podfile.lock",
				"${PODS_ROOT}/Manifest.lock",
			);
			name = "[CP] Check Pods Manifest.lock";
			outputFileListPaths = (
			);
			outputPaths = (
				"$(DERIVED_FILE_DIR)/Pods-aLodjinha-checkManifestLockResult.txt",
			);
			runOnlyForDeploymentPostprocessing = 0;
			shellPath = /bin/sh;
			shellScript = "diff \"${PODS_PODFILE_DIR_PATH}/Podfile.lock\" \"${PODS_ROOT}/Manifest.lock\" > /dev/null\nif [ $? != 0 ] ; then\n    # print error to STDERR\n    echo \"error: The sandbox is not in sync with the Podfile.lock. Run 'pod install' or update your CocoaPods installation.\" >&2\n    exit 1\nfi\n# This output is used by Xcode 'outputs' to avoid re-running this script phase.\necho \"SUCCESS\" > \"${SCRIPT_OUTPUT_FILE_0}\"\n";
			showEnvVarsInLog = 0;
		};
		B1A41F545DD9321CC1954EB3 /* [CP] Embed Pods Frameworks */ = {
			isa = PBXShellScriptBuildPhase;
			buildActionMask = 2147483647;
			files = (
			);
			inputFileListPaths = (
			);
			inputPaths = (
				"${PODS_ROOT}/Target Support Files/Pods-aLodjinha/Pods-aLodjinha-frameworks.sh",
				"${BUILT_PRODUCTS_DIR}/SDWebImage/SDWebImage.framework",
			);
			name = "[CP] Embed Pods Frameworks";
			outputFileListPaths = (
			);
			outputPaths = (
				"${TARGET_BUILD_DIR}/${FRAMEWORKS_FOLDER_PATH}/SDWebImage.framework",
			);
			runOnlyForDeploymentPostprocessing = 0;
			shellPath = /bin/sh;
			shellScript = "\"${PODS_ROOT}/Target Support Files/Pods-aLodjinha/Pods-aLodjinha-frameworks.sh\"\n";
			showEnvVarsInLog = 0;
		};
/* End PBXShellScriptBuildPhase section */

/* Begin PBXSourcesBuildPhase section */
		51D25A8522FADE7C00D48002 /* Sources */ = {
			isa = PBXSourcesBuildPhase;
			buildActionMask = 2147483647;
			files = (
				51D33E9B23017396003D9632 /* Produto.swift in Sources */,
				51894BBF22FEFEAC00674697 /* CustomPageViewController.swift in Sources */,
				516BD2F52305C1F000BADB3D /* CategoriaCollectionViewCell.swift in Sources */,
				515470C5230616BC00CB8EAD /* ProdutoTableViewController.swift in Sources */,
				515470C0230615E700CB8EAD /* ProdutoCell.swift in Sources */,
				51DA1E372303772F009A65B3 /* MaisVendidosCelulaTableViewCell.swift in Sources */,
				51894BBD22FEFD0E00674697 /* DataBannerViewController.swift in Sources */,
				515470BE2305D71200CB8EAD /* ServiceCategoria.swift in Sources */,
				51D33E9523017228003D9632 /* Banner.swift in Sources */,
				51D25A8D22FADE7C00D48002 /* AppDelegate.swift in Sources */,
				51D33E9D230176B2003D9632 /* ServiceBanner.swift in Sources */,
				51D25AA122FAF8FC00D48002 /* HomeViewController.swift in Sources */,
				51DA1E3B23043AA0009A65B3 /* ProdutoViewController.swift in Sources */,
				51D33E98230172D0003D9632 /* Categoria.swift in Sources */,
				51DA1E3923038900009A65B3 /* ServiceProduto.swift in Sources */,
			);
			runOnlyForDeploymentPostprocessing = 0;
		};
/* End PBXSourcesBuildPhase section */

/* Begin PBXVariantGroup section */
		51D25A9022FADE7C00D48002 /* Main.storyboard */ = {
			isa = PBXVariantGroup;
			children = (
				51D25A9122FADE7C00D48002 /* Base */,
			);
			name = Main.storyboard;
			sourceTree = "<group>";
		};
		51D25A9522FADE7E00D48002 /* LaunchScreen.storyboard */ = {
			isa = PBXVariantGroup;
			children = (
				51D25A9622FADE7E00D48002 /* Base */,
			);
			name = LaunchScreen.storyboard;
			sourceTree = "<group>";
		};
/* End PBXVariantGroup section */

/* Begin XCBuildConfiguration section */
		51D25A9922FADE7E00D48002 /* Debug */ = {
			isa = XCBuildConfiguration;
			buildSettings = {
				ALWAYS_SEARCH_USER_PATHS = NO;
				CLANG_ANALYZER_NONNULL = YES;
				CLANG_ANALYZER_NUMBER_OBJECT_CONVERSION = YES_AGGRESSIVE;
				CLANG_CXX_LANGUAGE_STANDARD = "gnu++14";
				CLANG_CXX_LIBRARY = "libc++";
				CLANG_ENABLE_MODULES = YES;
				CLANG_ENABLE_OBJC_ARC = YES;
				CLANG_ENABLE_OBJC_WEAK = YES;
				CLANG_WARN_BLOCK_CAPTURE_AUTORELEASING = YES;
				CLANG_WARN_BOOL_CONVERSION = YES;
				CLANG_WARN_COMMA = YES;
				CLANG_WARN_CONSTANT_CONVERSION = YES;
				CLANG_WARN_DEPRECATED_OBJC_IMPLEMENTATIONS = YES;
				CLANG_WARN_DIRECT_OBJC_ISA_USAGE = YES_ERROR;
				CLANG_WARN_DOCUMENTATION_COMMENTS = YES;
				CLANG_WARN_EMPTY_BODY = YES;
				CLANG_WARN_ENUM_CONVERSION = YES;
				CLANG_WARN_INFINITE_RECURSION = YES;
				CLANG_WARN_INT_CONVERSION = YES;
				CLANG_WARN_NON_LITERAL_NULL_CONVERSION = YES;
				CLANG_WARN_OBJC_IMPLICIT_RETAIN_SELF = YES;
				CLANG_WARN_OBJC_LITERAL_CONVERSION = YES;
				CLANG_WARN_OBJC_ROOT_CLASS = YES_ERROR;
				CLANG_WARN_RANGE_LOOP_ANALYSIS = YES;
				CLANG_WARN_STRICT_PROTOTYPES = YES;
				CLANG_WARN_SUSPICIOUS_MOVE = YES;
				CLANG_WARN_UNGUARDED_AVAILABILITY = YES_AGGRESSIVE;
				CLANG_WARN_UNREACHABLE_CODE = YES;
				CLANG_WARN__DUPLICATE_METHOD_MATCH = YES;
				CODE_SIGN_IDENTITY = "iPhone Developer";
				COPY_PHASE_STRIP = NO;
				DEBUG_INFORMATION_FORMAT = dwarf;
				ENABLE_STRICT_OBJC_MSGSEND = YES;
				ENABLE_TESTABILITY = YES;
				GCC_C_LANGUAGE_STANDARD = gnu11;
				GCC_DYNAMIC_NO_PIC = NO;
				GCC_NO_COMMON_BLOCKS = YES;
				GCC_OPTIMIZATION_LEVEL = 0;
				GCC_PREPROCESSOR_DEFINITIONS = (
					"DEBUG=1",
					"$(inherited)",
				);
				GCC_WARN_64_TO_32_BIT_CONVERSION = YES;
				GCC_WARN_ABOUT_RETURN_TYPE = YES_ERROR;
				GCC_WARN_UNDECLARED_SELECTOR = YES;
				GCC_WARN_UNINITIALIZED_AUTOS = YES_AGGRESSIVE;
				GCC_WARN_UNUSED_FUNCTION = YES;
				GCC_WARN_UNUSED_VARIABLE = YES;
				IPHONEOS_DEPLOYMENT_TARGET = 12.4;
				MTL_ENABLE_DEBUG_INFO = INCLUDE_SOURCE;
				MTL_FAST_MATH = YES;
				ONLY_ACTIVE_ARCH = YES;
				SDKROOT = iphoneos;
				SWIFT_ACTIVE_COMPILATION_CONDITIONS = DEBUG;
				SWIFT_OPTIMIZATION_LEVEL = "-Onone";
			};
			name = Debug;
		};
		51D25A9A22FADE7E00D48002 /* Release */ = {
			isa = XCBuildConfiguration;
			buildSettings = {
				ALWAYS_SEARCH_USER_PATHS = NO;
				CLANG_ANALYZER_NONNULL = YES;
				CLANG_ANALYZER_NUMBER_OBJECT_CONVERSION = YES_AGGRESSIVE;
				CLANG_CXX_LANGUAGE_STANDARD = "gnu++14";
				CLANG_CXX_LIBRARY = "libc++";
				CLANG_ENABLE_MODULES = YES;
				CLANG_ENABLE_OBJC_ARC = YES;
				CLANG_ENABLE_OBJC_WEAK = YES;
				CLANG_WARN_BLOCK_CAPTURE_AUTORELEASING = YES;
				CLANG_WARN_BOOL_CONVERSION = YES;
				CLANG_WARN_COMMA = YES;
				CLANG_WARN_CONSTANT_CONVERSION = YES;
				CLANG_WARN_DEPRECATED_OBJC_IMPLEMENTATIONS = YES;
				CLANG_WARN_DIRECT_OBJC_ISA_USAGE = YES_ERROR;
				CLANG_WARN_DOCUMENTATION_COMMENTS = YES;
				CLANG_WARN_EMPTY_BODY = YES;
				CLANG_WARN_ENUM_CONVERSION = YES;
				CLANG_WARN_INFINITE_RECURSION = YES;
				CLANG_WARN_INT_CONVERSION = YES;
				CLANG_WARN_NON_LITERAL_NULL_CONVERSION = YES;
				CLANG_WARN_OBJC_IMPLICIT_RETAIN_SELF = YES;
				CLANG_WARN_OBJC_LITERAL_CONVERSION = YES;
				CLANG_WARN_OBJC_ROOT_CLASS = YES_ERROR;
				CLANG_WARN_RANGE_LOOP_ANALYSIS = YES;
				CLANG_WARN_STRICT_PROTOTYPES = YES;
				CLANG_WARN_SUSPICIOUS_MOVE = YES;
				CLANG_WARN_UNGUARDED_AVAILABILITY = YES_AGGRESSIVE;
				CLANG_WARN_UNREACHABLE_CODE = YES;
				CLANG_WARN__DUPLICATE_METHOD_MATCH = YES;
				CODE_SIGN_IDENTITY = "iPhone Developer";
				COPY_PHASE_STRIP = NO;
				DEBUG_INFORMATION_FORMAT = "dwarf-with-dsym";
				ENABLE_NS_ASSERTIONS = NO;
				ENABLE_STRICT_OBJC_MSGSEND = YES;
				GCC_C_LANGUAGE_STANDARD = gnu11;
				GCC_NO_COMMON_BLOCKS = YES;
				GCC_WARN_64_TO_32_BIT_CONVERSION = YES;
				GCC_WARN_ABOUT_RETURN_TYPE = YES_ERROR;
				GCC_WARN_UNDECLARED_SELECTOR = YES;
				GCC_WARN_UNINITIALIZED_AUTOS = YES_AGGRESSIVE;
				GCC_WARN_UNUSED_FUNCTION = YES;
				GCC_WARN_UNUSED_VARIABLE = YES;
				IPHONEOS_DEPLOYMENT_TARGET = 12.4;
				MTL_ENABLE_DEBUG_INFO = NO;
				MTL_FAST_MATH = YES;
				SDKROOT = iphoneos;
				SWIFT_COMPILATION_MODE = wholemodule;
				SWIFT_OPTIMIZATION_LEVEL = "-O";
				VALIDATE_PRODUCT = YES;
			};
			name = Release;
		};
		51D25A9C22FADE7E00D48002 /* Debug */ = {
			isa = XCBuildConfiguration;
			baseConfigurationReference = 20258801A4CE000201855685 /* Pods-aLodjinha.debug.xcconfig */;
			buildSettings = {
				ASSETCATALOG_COMPILER_APPICON_NAME = AppIcon;
				CODE_SIGN_STYLE = Automatic;
				DEVELOPMENT_TEAM = D77W63ZAL8;
				INFOPLIST_FILE = aLodjinha/Info.plist;
				IPHONEOS_DEPLOYMENT_TARGET = 12.4;
				LD_RUNPATH_SEARCH_PATHS = (
					"$(inherited)",
					"@executable_path/Frameworks",
				);
				PRODUCT_BUNDLE_IDENTIFIER = RicardoCaldeira.aLodjinha;
				PRODUCT_NAME = "$(TARGET_NAME)";
				SWIFT_VERSION = 5.0;
				TARGETED_DEVICE_FAMILY = "1,2";
			};
			name = Debug;
		};
		51D25A9D22FADE7E00D48002 /* Release */ = {
			isa = XCBuildConfiguration;
			baseConfigurationReference = A9E40D75C307341347B0BB80 /* Pods-aLodjinha.release.xcconfig */;
			buildSettings = {
				ASSETCATALOG_COMPILER_APPICON_NAME = AppIcon;
				CODE_SIGN_STYLE = Automatic;
				DEVELOPMENT_TEAM = D77W63ZAL8;
				INFOPLIST_FILE = aLodjinha/Info.plist;
				IPHONEOS_DEPLOYMENT_TARGET = 12.4;
				LD_RUNPATH_SEARCH_PATHS = (
					"$(inherited)",
					"@executable_path/Frameworks",
				);
				PRODUCT_BUNDLE_IDENTIFIER = RicardoCaldeira.aLodjinha;
				PRODUCT_NAME = "$(TARGET_NAME)";
				SWIFT_VERSION = 5.0;
				TARGETED_DEVICE_FAMILY = "1,2";
			};
			name = Release;
		};
/* End XCBuildConfiguration section */

/* Begin XCConfigurationList section */
		51D25A8422FADE7C00D48002 /* Build configuration list for PBXProject "aLodjinha" */ = {
			isa = XCConfigurationList;
			buildConfigurations = (
				51D25A9922FADE7E00D48002 /* Debug */,
				51D25A9A22FADE7E00D48002 /* Release */,
			);
			defaultConfigurationIsVisible = 0;
			defaultConfigurationName = Release;
		};
		51D25A9B22FADE7E00D48002 /* Build configuration list for PBXNativeTarget "aLodjinha" */ = {
			isa = XCConfigurationList;
			buildConfigurations = (
				51D25A9C22FADE7E00D48002 /* Debug */,
				51D25A9D22FADE7E00D48002 /* Release */,
			);
			defaultConfigurationIsVisible = 0;
			defaultConfigurationName = Release;
		};
/* End XCConfigurationList section */
	};
	rootObject = 51D25A8122FADE7C00D48002 /* Project object */;
}
